
Microsoft Visual Studio Solution File, Format Version 12.00
# Visual Studio Version 17
VisualStudioVersion = 17.0.31903.59
MinimumVisualStudioVersion = 10.0.40219.1
Project("{2150E333-8FDC-42A3-9474-1A3956D46DE8}") = "src", "src", "{827E0CD3-B72D-47B6-A68D-7590B98EB39B}"
EndProject
Project("{FAE04EC0-301F-11D3-BF4B-00C04F79EFBC}") = "EmployeeTaskApi.Api", "src\EmployeeTaskApi.Api\EmployeeTaskApi.Api.csproj", "{EF0E4DE5-508C-4D3B-88EC-A0B0C45E8F37}"
EndProject
Project("{2150E333-8FDC-42A3-9474-1A3956D46DE8}") = "tests", "tests", "{0AB3BF05-4346-4AA6-1389-037BE0695223}"
EndProject
Project("{FAE04EC0-301F-11D3-BF4B-00C04F79EFBC}") = "EmployeeTaskApi.Tests", "tests\EmployeeTaskApi.Tests\EmployeeTaskApi.Tests.csproj", "{BE0C04F2-3453-442E-96CB-64ED910B15C3}"
EndProject
Global
	GlobalSection(SolutionConfigurationPlatforms) = preSolution
		Debug|Any CPU = Debug|Any CPU
		Debug|x64 = Debug|x64
		Debug|x86 = Debug|x86
		Release|Any CPU = Release|Any CPU
		Release|x64 = Release|x64
		Release|x86 = Release|x86
	EndGlobalSection
	GlobalSection(ProjectConfigurationPlatforms) = postSolution
		{EF0E4DE5-508C-4D3B-88EC-A0B0C45E8F37}.Debug|Any CPU.ActiveCfg = Debug|Any CPU
		{EF0E4DE5-508C-4D3B-88EC-A0B0C45E8F37}.Debug|Any CPU.Build.0 = Debug|Any CPU
		{EF0E4DE5-508C-4D3B-88EC-A0B0C45E8F37}.Debug|x64.ActiveCfg = Debug|Any CPU
		{EF0E4DE5-508C-4D3B-88EC-A0B0C45E8F37}.Debug|x64.Build.0 = Debug|Any CPU
		{EF0E4DE5-508C-4D3B-88EC-A0B0C45E8F37}.Debug|x86.ActiveCfg = Debug|Any CPU
		{EF0E4DE5-508C-4D3B-88EC-A0B0C45E8F37}.Debug|x86.Build.0 = Debug|Any CPU
		{EF0E4DE5-508C-4D3B-88EC-A0B0C45E8F37}.Release|Any CPU.ActiveCfg = Release|Any CPU
		{EF0E4DE5-508C-4D3B-88EC-A0B0C45E8F37}.Release|Any CPU.Build.0 = Release|Any CPU
		{EF0E4DE5-508C-4D3B-88EC-A0B0C45E8F37}.Release|x64.ActiveCfg = Release|Any CPU
		{EF0E4DE5-508C-4D3B-88EC-A0B0C45E8F37}.Release|x64.Build.0 = Release|Any CPU
		{EF0E4DE5-508C-4D3B-88EC-A0B0C45E8F37}.Release|x86.ActiveCfg = Release|Any CPU
		{EF0E4DE5-508C-4D3B-88EC-A0B0C45E8F37}.Release|x86.Build.0 = Release|Any CPU
		{BE0C04F2-3453-442E-96CB-64ED910B15C3}.Debug|Any CPU.ActiveCfg = Debug|Any CPU
		{BE0C04F2-3453-442E-96CB-64ED910B15C3}.Debug|Any CPU.Build.0 = Debug|Any CPU
		{BE0C04F2-3453-442E-96CB-64ED910B15C3}.Debug|x64.ActiveCfg = Debug|Any CPU
		{BE0C04F2-3453-442E-96CB-64ED910B15C3}.Debug|x64.Build.0 = Debug|Any CPU
		{BE0C04F2-3453-442E-96CB-64ED910B15C3}.Debug|x86.ActiveCfg = Debug|Any CPU
		{BE0C04F2-3453-442E-96CB-64ED910B15C3}.Debug|x86.Build.0 = Debug|Any CPU
		{BE0C04F2-3453-442E-96CB-64ED910B15C3}.Release|Any CPU.ActiveCfg = Release|Any CPU
		{BE0C04F2-3453-442E-96CB-64ED910B15C3}.Release|Any CPU.Build.0 = Release|Any CPU
		{BE0C04F2-3453-442E-96CB-64ED910B15C3}.Release|x64.ActiveCfg = Release|Any CPU
		{BE0C04F2-3453-442E-96CB-64ED910B15C3}.Release|x64.Build.0 = Release|Any CPU
		{BE0C04F2-3453-442E-96CB-64ED910B15C3}.Release|x86.ActiveCfg = Release|Any CPU
		{BE0C04F2-3453-442E-96CB-64ED910B15C3}.Release|x86.Build.0 = Release|Any CPU
	EndGlobalSection
	GlobalSection(SolutionProperties) = preSolution
		HideSolutionNode = FALSE
	EndGlobalSection
	GlobalSection(NestedProjects) = preSolution
		{EF0E4DE5-508C-4D3B-88EC-A0B0C45E8F37} = {827E0CD3-B72D-47B6-A68D-7590B98EB39B}
		{BE0C04F2-3453-442E-96CB-64ED910B15C3} = {0AB3BF05-4346-4AA6-1389-037BE0695223}
	EndGlobalSection
EndGlobal
